
Microsoft Visual Studio Solution File, Format Version 12.00
# Visual Studio 15
VisualStudioVersion = 15.0.26124.0
MinimumVisualStudioVersion = 15.0.26124.0
Project("{FAE04EC0-301F-11D3-BF4B-00C04F79EFBC}") = "API", "API\API.csproj", "{A6D276D8-45A5-4F1D-91A5-9D59B07FCA98}"
EndProject
Project("{FAE04EC0-301F-11D3-BF4B-00C04F79EFBC}") = "Application", "Application\Application.csproj", "{9914C37F-2E24-423A-86F5-78353770BF9A}"
EndProject
Project("{FAE04EC0-301F-11D3-BF4B-00C04F79EFBC}") = "Persistence", "Persistence\Persistence.csproj", "{9F6DDDA0-AB86-4AB1-AB76-56C48E632FA2}"
EndProject
Project("{FAE04EC0-301F-11D3-BF4B-00C04F79EFBC}") = "Domain", "Domain\Domain.csproj", "{D31F440C-0BFA-49A2-A5F8-60725C639AB1}"
EndProject
Global
	GlobalSection(SolutionConfigurationPlatforms) = preSolution
		Debug|Any CPU = Debug|Any CPU
		Debug|x64 = Debug|x64
		Debug|x86 = Debug|x86
		Release|Any CPU = Release|Any CPU
		Release|x64 = Release|x64
		Release|x86 = Release|x86
	EndGlobalSection
	GlobalSection(SolutionProperties) = preSolution
		HideSolutionNode = FALSE
	EndGlobalSection
	GlobalSection(ProjectConfigurationPlatforms) = postSolution
		{A6D276D8-45A5-4F1D-91A5-9D59B07FCA98}.Debug|Any CPU.ActiveCfg = Debug|Any CPU
		{A6D276D8-45A5-4F1D-91A5-9D59B07FCA98}.Debug|Any CPU.Build.0 = Debug|Any CPU
		{A6D276D8-45A5-4F1D-91A5-9D59B07FCA98}.Debug|x64.ActiveCfg = Debug|Any CPU
		{A6D276D8-45A5-4F1D-91A5-9D59B07FCA98}.Debug|x64.Build.0 = Debug|Any CPU
		{A6D276D8-45A5-4F1D-91A5-9D59B07FCA98}.Debug|x86.ActiveCfg = Debug|Any CPU
		{A6D276D8-45A5-4F1D-91A5-9D59B07FCA98}.Debug|x86.Build.0 = Debug|Any CPU
		{A6D276D8-45A5-4F1D-91A5-9D59B07FCA98}.Release|Any CPU.ActiveCfg = Release|Any CPU
		{A6D276D8-45A5-4F1D-91A5-9D59B07FCA98}.Release|Any CPU.Build.0 = Release|Any CPU
		{A6D276D8-45A5-4F1D-91A5-9D59B07FCA98}.Release|x64.ActiveCfg = Release|Any CPU
		{A6D276D8-45A5-4F1D-91A5-9D59B07FCA98}.Release|x64.Build.0 = Release|Any CPU
		{A6D276D8-45A5-4F1D-91A5-9D59B07FCA98}.Release|x86.ActiveCfg = Release|Any CPU
		{A6D276D8-45A5-4F1D-91A5-9D59B07FCA98}.Release|x86.Build.0 = Release|Any CPU
		{9914C37F-2E24-423A-86F5-78353770BF9A}.Debug|Any CPU.ActiveCfg = Debug|Any CPU
		{9914C37F-2E24-423A-86F5-78353770BF9A}.Debug|Any CPU.Build.0 = Debug|Any CPU
		{9914C37F-2E24-423A-86F5-78353770BF9A}.Debug|x64.ActiveCfg = Debug|Any CPU
		{9914C37F-2E24-423A-86F5-78353770BF9A}.Debug|x64.Build.0 = Debug|Any CPU
		{9914C37F-2E24-423A-86F5-78353770BF9A}.Debug|x86.ActiveCfg = Debug|Any CPU
		{9914C37F-2E24-423A-86F5-78353770BF9A}.Debug|x86.Build.0 = Debug|Any CPU
		{9914C37F-2E24-423A-86F5-78353770BF9A}.Release|Any CPU.ActiveCfg = Release|Any CPU
		{9914C37F-2E24-423A-86F5-78353770BF9A}.Release|Any CPU.Build.0 = Release|Any CPU
		{9914C37F-2E24-423A-86F5-78353770BF9A}.Release|x64.ActiveCfg = Release|Any CPU
		{9914C37F-2E24-423A-86F5-78353770BF9A}.Release|x64.Build.0 = Release|Any CPU
		{9914C37F-2E24-423A-86F5-78353770BF9A}.Release|x86.ActiveCfg = Release|Any CPU
		{9914C37F-2E24-423A-86F5-78353770BF9A}.Release|x86.Build.0 = Release|Any CPU
		{9F6DDDA0-AB86-4AB1-AB76-56C48E632FA2}.Debug|Any CPU.ActiveCfg = Debug|Any CPU
		{9F6DDDA0-AB86-4AB1-AB76-56C48E632FA2}.Debug|Any CPU.Build.0 = Debug|Any CPU
		{9F6DDDA0-AB86-4AB1-AB76-56C48E632FA2}.Debug|x64.ActiveCfg = Debug|Any CPU
		{9F6DDDA0-AB86-4AB1-AB76-56C48E632FA2}.Debug|x64.Build.0 = Debug|Any CPU
		{9F6DDDA0-AB86-4AB1-AB76-56C48E632FA2}.Debug|x86.ActiveCfg = Debug|Any CPU
		{9F6DDDA0-AB86-4AB1-AB76-56C48E632FA2}.Debug|x86.Build.0 = Debug|Any CPU
		{9F6DDDA0-AB86-4AB1-AB76-56C48E632FA2}.Release|Any CPU.ActiveCfg = Release|Any CPU
		{9F6DDDA0-AB86-4AB1-AB76-56C48E632FA2}.Release|Any CPU.Build.0 = Release|Any CPU
		{9F6DDDA0-AB86-4AB1-AB76-56C48E632FA2}.Release|x64.ActiveCfg = Release|Any CPU
		{9F6DDDA0-AB86-4AB1-AB76-56C48E632FA2}.Release|x64.Build.0 = Release|Any CPU
		{9F6DDDA0-AB86-4AB1-AB76-56C48E632FA2}.Release|x86.ActiveCfg = Release|Any CPU
		{9F6DDDA0-AB86-4AB1-AB76-56C48E632FA2}.Release|x86.Build.0 = Release|Any CPU
		{D31F440C-0BFA-49A2-A5F8-60725C639AB1}.Debug|Any CPU.ActiveCfg = Debug|Any CPU
		{D31F440C-0BFA-49A2-A5F8-60725C639AB1}.Debug|Any CPU.Build.0 = Debug|Any CPU
		{D31F440C-0BFA-49A2-A5F8-60725C639AB1}.Debug|x64.ActiveCfg = Debug|Any CPU
		{D31F440C-0BFA-49A2-A5F8-60725C639AB1}.Debug|x64.Build.0 = Debug|Any CPU
		{D31F440C-0BFA-49A2-A5F8-60725C639AB1}.Debug|x86.ActiveCfg = Debug|Any CPU
		{D31F440C-0BFA-49A2-A5F8-60725C639AB1}.Debug|x86.Build.0 = Debug|Any CPU
		{D31F440C-0BFA-49A2-A5F8-60725C639AB1}.Release|Any CPU.ActiveCfg = Release|Any CPU
		{D31F440C-0BFA-49A2-A5F8-60725C639AB1}.Release|Any CPU.Build.0 = Release|Any CPU
		{D31F440C-0BFA-49A2-A5F8-60725C639AB1}.Release|x64.ActiveCfg = Release|Any CPU
		{D31F440C-0BFA-49A2-A5F8-60725C639AB1}.Release|x64.Build.0 = Release|Any CPU
		{D31F440C-0BFA-49A2-A5F8-60725C639AB1}.Release|x86.ActiveCfg = Release|Any CPU
		{D31F440C-0BFA-49A2-A5F8-60725C639AB1}.Release|x86.Build.0 = Release|Any CPU
	EndGlobalSection
EndGlobal
